
Microsoft Visual Studio Solution File, Format Version 12.00
# Visual Studio 15
VisualStudioVersion = 15.0.27428.2037
MinimumVisualStudioVersion = 10.0.40219.1
Project("{FAE04EC0-301F-11D3-BF4B-00C04F79EFBC}") = "Task01", "Task01\Task01.csproj", "{F7811BD8-2013-46A9-B4DD-82BEF9D39438}"
EndProject
Project("{FAE04EC0-301F-11D3-BF4B-00C04F79EFBC}") = "Task02", "Task02\Task02.csproj", "{398B9EA7-45BF-4171-BDA1-814132E7DA95}"
EndProject
Global
	GlobalSection(SolutionConfigurationPlatforms) = preSolution
		Debug|Any CPU = Debug|Any CPU
		Release|Any CPU = Release|Any CPU
	EndGlobalSection
	GlobalSection(ProjectConfigurationPlatforms) = postSolution
		{F7811BD8-2013-46A9-B4DD-82BEF9D39438}.Debug|Any CPU.ActiveCfg = Debug|Any CPU
		{F7811BD8-2013-46A9-B4DD-82BEF9D39438}.Debug|Any CPU.Build.0 = Debug|Any CPU
		{F7811BD8-2013-46A9-B4DD-82BEF9D39438}.Release|Any CPU.ActiveCfg = Release|Any CPU
		{F7811BD8-2013-46A9-B4DD-82BEF9D39438}.Release|Any CPU.Build.0 = Release|Any CPU
		{398B9EA7-45BF-4171-BDA1-814132E7DA95}.Debug|Any CPU.ActiveCfg = Debug|Any CPU
		{398B9EA7-45BF-4171-BDA1-814132E7DA95}.Debug|Any CPU.Build.0 = Debug|Any CPU
		{398B9EA7-45BF-4171-BDA1-814132E7DA95}.Release|Any CPU.ActiveCfg = Release|Any CPU
		{398B9EA7-45BF-4171-BDA1-814132E7DA95}.Release|Any CPU.Build.0 = Release|Any CPU
	EndGlobalSection
	GlobalSection(SolutionProperties) = preSolution
		HideSolutionNode = FALSE
	EndGlobalSection
	GlobalSection(ExtensibilityGlobals) = postSolution
		SolutionGuid = {C0D32322-9876-4387-A280-5866B859664A}
	EndGlobalSection
EndGlobal
